
Microsoft Visual Studio Solution File, Format Version 12.00
# Visual Studio Version 17
VisualStudioVersion = 17.5.002.0
MinimumVisualStudioVersion = 10.0.40219.1
Project("{9A19103F-16F7-4668-BE54-9A1E7A4F7556}") = "BankScaffold", "BankScaffold.csproj", "{4856D0F2-B5C0-4528-A169-033B14061242}"
EndProject
Global
	GlobalSection(SolutionConfigurationPlatforms) = preSolution
		Debug|Any CPU = Debug|Any CPU
		Release|Any CPU = Release|Any CPU
	EndGlobalSection
	GlobalSection(ProjectConfigurationPlatforms) = postSolution
		{4856D0F2-B5C0-4528-A169-033B14061242}.Debug|Any CPU.ActiveCfg = Debug|Any CPU
		{4856D0F2-B5C0-4528-A169-033B14061242}.Debug|Any CPU.Build.0 = Debug|Any CPU
		{4856D0F2-B5C0-4528-A169-033B14061242}.Release|Any CPU.ActiveCfg = Release|Any CPU
		{4856D0F2-B5C0-4528-A169-033B14061242}.Release|Any CPU.Build.0 = Release|Any CPU
	EndGlobalSection
	GlobalSection(SolutionProperties) = preSolution
		HideSolutionNode = FALSE
	EndGlobalSection
	GlobalSection(ExtensibilityGlobals) = postSolution
		SolutionGuid = {B1443619-9C11-40B7-8383-2F2121D3B84A}
	EndGlobalSection
EndGlobal
